// !$*UTF8*$!
{
	archiveVersion = 1;
	classes = {
	};
	objectVersion = 77;
	objects = {

/* Begin PBXContainerItemProxy section */
		391CB8E02D67D99A0027A1BD /* PBXContainerItemProxy */ = {
			isa = PBXContainerItemProxy;
			containerPortal = 391CB8C72D67D9990027A1BD /* Project object */;
			proxyType = 1;
			remoteGlobalIDString = 391CB8CE2D67D9990027A1BD;
			remoteInfo = PhotoBoy;
		};
		391CB8EA2D67D99A0027A1BD /* PBXContainerItemProxy */ = {
			isa = PBXContainerItemProxy;
			containerPortal = 391CB8C72D67D9990027A1BD /* Project object */;
			proxyType = 1;
			remoteGlobalIDString = 391CB8CE2D67D9990027A1BD;
			remoteInfo = PhotoBoy;
		};
/* End PBXContainerItemProxy section */

/* Begin PBXFileReference section */
		391CB8CF2D67D9990027A1BD /* PhotoBoy.app */ = {isa = PBXFileReference; explicitFileType = wrapper.application; includeInIndex = 0; path = PhotoBoy.app; sourceTree = BUILT_PRODUCTS_DIR; };
		391CB8DF2D67D99A0027A1BD /* PhotoBoyTests.xctest */ = {isa = PBXFileReference; explicitFileType = wrapper.cfbundle; includeInIndex = 0; path = PhotoBoyTests.xctest; sourceTree = BUILT_PRODUCTS_DIR; };
		391CB8E92D67D99A0027A1BD /* PhotoBoyUITests.xctest */ = {isa = PBXFileReference; explicitFileType = wrapper.cfbundle; includeInIndex = 0; path = PhotoBoyUITests.xctest; sourceTree = BUILT_PRODUCTS_DIR; };
/* End PBXFileReference section */

/* Begin PBXFileSystemSynchronizedRootGroup section */
		391CB8D12D67D9990027A1BD /* PhotoBoy */ = {
			isa = PBXFileSystemSynchronizedRootGroup;
			path = PhotoBoy;
			sourceTree = "<group>";
		};
		391CB8E22D67D99A0027A1BD /* PhotoBoyTests */ = {
			isa = PBXFileSystemSynchronizedRootGroup;
			path = PhotoBoyTests;
			sourceTree = "<group>";
		};
		391CB8EC2D67D99A0027A1BD /* PhotoBoyUITests */ = {
			isa = PBXFileSystemSynchronizedRootGroup;
			path = PhotoBoyUITests;
			sourceTree = "<group>";
		};
/* End PBXFileSystemSynchronizedRootGroup section */

/* Begin PBXFrameworksBuildPhase section */
		391CB8CC2D67D9990027A1BD /* Frameworks */ = {
			isa = PBXFrameworksBuildPhase;
			buildActionMask = 2147483647;
			files = (
			);
			runOnlyForDeploymentPostprocessing = 0;
		};
		391CB8DC2D67D99A0027A1BD /* Frameworks */ = {
			isa = PBXFrameworksBuildPhase;
			buildActionMask = 2147483647;
			files = (
			);
			runOnlyForDeploymentPostprocessing = 0;
		};
		391CB8E62D67D99A0027A1BD /* Frameworks */ = {
			isa = PBXFrameworksBuildPhase;
			buildActionMask = 2147483647;
			files = (
			);
			runOnlyForDeploymentPostprocessing = 0;
		};
/* End PBXFrameworksBuildPhase section */

/* Begin PBXGroup section */
		391CB8C62D67D9990027A1BD = {
			isa = PBXGroup;
			children = (
				391CB8D12D67D9990027A1BD /* PhotoBoy */,
				391CB8E22D67D99A0027A1BD /* PhotoBoyTests */,
				391CB8EC2D67D99A0027A1BD /* PhotoBoyUITests */,
				391CB8D02D67D9990027A1BD /* Products */,
			);
			sourceTree = "<group>";
		};
		391CB8D02D67D9990027A1BD /* Products */ = {
			isa = PBXGroup;
			children = (
				391CB8CF2D67D9990027A1BD /* PhotoBoy.app */,
				391CB8DF2D67D99A0027A1BD /* PhotoBoyTests.xctest */,
				391CB8E92D67D99A0027A1BD /* PhotoBoyUITests.xctest */,
			);
			name = Products;
			sourceTree = "<group>";
		};
/* End PBXGroup section */

/* Begin PBXNativeTarget section */
		391CB8CE2D67D9990027A1BD /* PhotoBoy */ = {
			isa = PBXNativeTarget;
			buildConfigurationList = 391CB8F32D67D99A0027A1BD /* Build configuration list for PBXNativeTarget "PhotoBoy" */;
			buildPhases = (
				391CB8CB2D67D9990027A1BD /* Sources */,
				391CB8CC2D67D9990027A1BD /* Frameworks */,
				391CB8CD2D67D9990027A1BD /* Resources */,
			);
			buildRules = (
			);
			dependencies = (
			);
			fileSystemSynchronizedGroups = (
				391CB8D12D67D9990027A1BD /* PhotoBoy */,
			);
			name = PhotoBoy;
			packageProductDependencies = (
			);
			productName = PhotoBoy;
			productReference = 391CB8CF2D67D9990027A1BD /* PhotoBoy.app */;
			productType = "com.apple.product-type.application";
		};
		391CB8DE2D67D99A0027A1BD /* PhotoBoyTests */ = {
			isa = PBXNativeTarget;
			buildConfigurationList = 391CB8F62D67D99A0027A1BD /* Build configuration list for PBXNativeTarget "PhotoBoyTests" */;
			buildPhases = (
				391CB8DB2D67D99A0027A1BD /* Sources */,
				391CB8DC2D67D99A0027A1BD /* Frameworks */,
				391CB8DD2D67D99A0027A1BD /* Resources */,
			);
			buildRules = (
			);
			dependencies = (
				391CB8E12D67D99A0027A1BD /* PBXTargetDependency */,
			);
			fileSystemSynchronizedGroups = (
				391CB8E22D67D99A0027A1BD /* PhotoBoyTests */,
			);
			name = PhotoBoyTests;
			packageProductDependencies = (
			);
			productName = PhotoBoyTests;
			productReference = 391CB8DF2D67D99A0027A1BD /* PhotoBoyTests.xctest */;
			productType = "com.apple.product-type.bundle.unit-test";
		};
		391CB8E82D67D99A0027A1BD /* PhotoBoyUITests */ = {
			isa = PBXNativeTarget;
			buildConfigurationList = 391CB8F92D67D99A0027A1BD /* Build configuration list for PBXNativeTarget "PhotoBoyUITests" */;
			buildPhases = (
				391CB8E52D67D99A0027A1BD /* Sources */,
				391CB8E62D67D99A0027A1BD /* Frameworks */,
				391CB8E72D67D99A0027A1BD /* Resources */,
			);
			buildRules = (
			);
			dependencies = (
				391CB8EB2D67D99A0027A1BD /* PBXTargetDependency */,
			);
			fileSystemSynchronizedGroups = (
				391CB8EC2D67D99A0027A1BD /* PhotoBoyUITests */,
			);
			name = PhotoBoyUITests;
			packageProductDependencies = (
			);
			productName = PhotoBoyUITests;
			productReference = 391CB8E92D67D99A0027A1BD /* PhotoBoyUITests.xctest */;
			productType = "com.apple.product-type.bundle.ui-testing";
		};
/* End PBXNativeTarget section */

/* Begin PBXProject section */
		391CB8C72D67D9990027A1BD /* Project object */ = {
			isa = PBXProject;
			attributes = {
				BuildIndependentTargetsInParallel = 1;
				LastSwiftUpdateCheck = 1610;
				LastUpgradeCheck = 1610;
				TargetAttributes = {
					391CB8CE2D67D9990027A1BD = {
						CreatedOnToolsVersion = 16.1;
					};
					391CB8DE2D67D99A0027A1BD = {
						CreatedOnToolsVersion = 16.1;
						TestTargetID = 391CB8CE2D67D9990027A1BD;
					};
					391CB8E82D67D99A0027A1BD = {
						CreatedOnToolsVersion = 16.1;
						TestTargetID = 391CB8CE2D67D9990027A1BD;
					};
				};
			};
			buildConfigurationList = 391CB8CA2D67D9990027A1BD /* Build configuration list for PBXProject "PhotoBoy" */;
			developmentRegion = en;
			hasScannedForEncodings = 0;
			knownRegions = (
				en,
				Base,
			);
			mainGroup = 391CB8C62D67D9990027A1BD;
			minimizedProjectReferenceProxies = 1;
			preferredProjectObjectVersion = 77;
			productRefGroup = 391CB8D02D67D9990027A1BD /* Products */;
			projectDirPath = "";
			projectRoot = "";
			targets = (
				391CB8CE2D67D9990027A1BD /* PhotoBoy */,
				391CB8DE2D67D99A0027A1BD /* PhotoBoyTests */,
				391CB8E82D67D99A0027A1BD /* PhotoBoyUITests */,
			);
		};
/* End PBXProject section */

/* Begin PBXResourcesBuildPhase section */
		391CB8CD2D67D9990027A1BD /* Resources */ = {
			isa = PBXResourcesBuildPhase;
			buildActionMask = 2147483647;
			files = (
			);
			runOnlyForDeploymentPostprocessing = 0;
		};
		391CB8DD2D67D99A0027A1BD /* Resources */ = {
			isa = PBXResourcesBuildPhase;
			buildActionMask = 2147483647;
			files = (
			);
			runOnlyForDeploymentPostprocessing = 0;
		};
		391CB8E72D67D99A0027A1BD /* Resources */ = {
			isa = PBXResourcesBuildPhase;
			buildActionMask = 2147483647;
			files = (
			);
			runOnlyForDeploymentPostprocessing = 0;
		};
/* End PBXResourcesBuildPhase section */

/* Begin PBXSourcesBuildPhase section */
		391CB8CB2D67D9990027A1BD /* Sources */ = {
			isa = PBXSourcesBuildPhase;
			buildActionMask = 2147483647;
			files = (
			);
			runOnlyForDeploymentPostprocessing = 0;
		};
		391CB8DB2D67D99A0027A1BD /* Sources */ = {
			isa = PBXSourcesBuildPhase;
			buildActionMask = 2147483647;
			files = (
			);
			runOnlyForDeploymentPostprocessing = 0;
		};
		391CB8E52D67D99A0027A1BD /* Sources */ = {
			isa = PBXSourcesBuildPhase;
			buildActionMask = 2147483647;
			files = (
			);
			runOnlyForDeploymentPostprocessing = 0;
		};
/* End PBXSourcesBuildPhase section */

/* Begin PBXTargetDependency section */
		391CB8E12D67D99A0027A1BD /* PBXTargetDependency */ = {
			isa = PBXTargetDependency;
			target = 391CB8CE2D67D9990027A1BD /* PhotoBoy */;
			targetProxy = 391CB8E02D67D99A0027A1BD /* PBXContainerItemProxy */;
		};
		391CB8EB2D67D99A0027A1BD /* PBXTargetDependency */ = {
			isa = PBXTargetDependency;
			target = 391CB8CE2D67D9990027A1BD /* PhotoBoy */;
			targetProxy = 391CB8EA2D67D99A0027A1BD /* PBXContainerItemProxy */;
		};
/* End PBXTargetDependency section */

/* Begin XCBuildConfiguration section */
		391CB8F12D67D99A0027A1BD /* Debug */ = {
			isa = XCBuildConfiguration;
			buildSettings = {
				ALWAYS_SEARCH_USER_PATHS = NO;
				ASSETCATALOG_COMPILER_GENERATE_SWIFT_ASSET_SYMBOL_EXTENSIONS = YES;
				CLANG_ANALYZER_NONNULL = YES;
				CLANG_ANALYZER_NUMBER_OBJECT_CONVERSION = YES_AGGRESSIVE;
				CLANG_CXX_LANGUAGE_STANDARD = "gnu++20";
				CLANG_ENABLE_MODULES = YES;
				CLANG_ENABLE_OBJC_ARC = YES;
				CLANG_ENABLE_OBJC_WEAK = YES;
				CLANG_WARN_BLOCK_CAPTURE_AUTORELEASING = YES;
				CLANG_WARN_BOOL_CONVERSION = YES;
				CLANG_WARN_COMMA = YES;
				CLANG_WARN_CONSTANT_CONVERSION = YES;
				CLANG_WARN_DEPRECATED_OBJC_IMPLEMENTATIONS = YES;
				CLANG_WARN_DIRECT_OBJC_ISA_USAGE = YES_ERROR;
				CLANG_WARN_DOCUMENTATION_COMMENTS = YES;
				CLANG_WARN_EMPTY_BODY = YES;
				CLANG_WARN_ENUM_CONVERSION = YES;
				CLANG_WARN_INFINITE_RECURSION = YES;
				CLANG_WARN_INT_CONVERSION = YES;
				CLANG_WARN_NON_LITERAL_NULL_CONVERSION = YES;
				CLANG_WARN_OBJC_IMPLICIT_RETAIN_SELF = YES;
				CLANG_WARN_OBJC_LITERAL_CONVERSION = YES;
				CLANG_WARN_OBJC_ROOT_CLASS = YES_ERROR;
				CLANG_WARN_QUOTED_INCLUDE_IN_FRAMEWORK_HEADER = YES;
				CLANG_WARN_RANGE_LOOP_ANALYSIS = YES;
				CLANG_WARN_STRICT_PROTOTYPES = YES;
				CLANG_WARN_SUSPICIOUS_MOVE = YES;
				CLANG_WARN_UNGUARDED_AVAILABILITY = YES_AGGRESSIVE;
				CLANG_WARN_UNREACHABLE_CODE = YES;
				CLANG_WARN__DUPLICATE_METHOD_MATCH = YES;
				COPY_PHASE_STRIP = NO;
				DEBUG_INFORMATION_FORMAT = dwarf;
				ENABLE_STRICT_OBJC_MSGSEND = YES;
				ENABLE_TESTABILITY = YES;
				ENABLE_USER_SCRIPT_SANDBOXING = YES;
				GCC_C_LANGUAGE_STANDARD = gnu17;
				GCC_DYNAMIC_NO_PIC = NO;
				GCC_NO_COMMON_BLOCKS = YES;
				GCC_OPTIMIZATION_LEVEL = 0;
				GCC_PREPROCESSOR_DEFINITIONS = (
					"DEBUG=1",
					"$(inherited)",
				);
				GCC_WARN_64_TO_32_BIT_CONVERSION = YES;
				GCC_WARN_ABOUT_RETURN_TYPE = YES_ERROR;
				GCC_WARN_UNDECLARED_SELECTOR = YES;
				GCC_WARN_UNINITIALIZED_AUTOS = YES_AGGRESSIVE;
				GCC_WARN_UNUSED_FUNCTION = YES;
				GCC_WARN_UNUSED_VARIABLE = YES;
				IPHONEOS_DEPLOYMENT_TARGET = 18.1;
				LOCALIZATION_PREFERS_STRING_CATALOGS = YES;
				MTL_ENABLE_DEBUG_INFO = INCLUDE_SOURCE;
				MTL_FAST_MATH = YES;
				ONLY_ACTIVE_ARCH = YES;
				SDKROOT = iphoneos;
				SWIFT_ACTIVE_COMPILATION_CONDITIONS = "DEBUG $(inherited)";
				SWIFT_OPTIMIZATION_LEVEL = "-Onone";
			};
			name = Debug;
		};
		391CB8F22D67D99A0027A1BD /* Release */ = {
			isa = XCBuildConfiguration;
			buildSettings = {
				ALWAYS_SEARCH_USER_PATHS = NO;
				ASSETCATALOG_COMPILER_GENERATE_SWIFT_ASSET_SYMBOL_EXTENSIONS = YES;
				CLANG_ANALYZER_NONNULL = YES;
				CLANG_ANALYZER_NUMBER_OBJECT_CONVERSION = YES_AGGRESSIVE;
				CLANG_CXX_LANGUAGE_STANDARD = "gnu++20";
				CLANG_ENABLE_MODULES = YES;
				CLANG_ENABLE_OBJC_ARC = YES;
				CLANG_ENABLE_OBJC_WEAK = YES;
				CLANG_WARN_BLOCK_CAPTURE_AUTORELEASING = YES;
				CLANG_WARN_BOOL_CONVERSION = YES;
				CLANG_WARN_COMMA = YES;
				CLANG_WARN_CONSTANT_CONVERSION = YES;
				CLANG_WARN_DEPRECATED_OBJC_IMPLEMENTATIONS = YES;
				CLANG_WARN_DIRECT_OBJC_ISA_USAGE = YES_ERROR;
				CLANG_WARN_DOCUMENTATION_COMMENTS = YES;
				CLANG_WARN_EMPTY_BODY = YES;
				CLANG_WARN_ENUM_CONVERSION = YES;
				CLANG_WARN_INFINITE_RECURSION = YES;
				CLANG_WARN_INT_CONVERSION = YES;
				CLANG_WARN_NON_LITERAL_NULL_CONVERSION = YES;
				CLANG_WARN_OBJC_IMPLICIT_RETAIN_SELF = YES;
				CLANG_WARN_OBJC_LITERAL_CONVERSION = YES;
				CLANG_WARN_OBJC_ROOT_CLASS = YES_ERROR;
				CLANG_WARN_QUOTED_INCLUDE_IN_FRAMEWORK_HEADER = YES;
				CLANG_WARN_RANGE_LOOP_ANALYSIS = YES;
				CLANG_WARN_STRICT_PROTOTYPES = YES;
				CLANG_WARN_SUSPICIOUS_MOVE = YES;
				CLANG_WARN_UNGUARDED_AVAILABILITY = YES_AGGRESSIVE;
				CLANG_WARN_UNREACHABLE_CODE = YES;
				CLANG_WARN__DUPLICATE_METHOD_MATCH = YES;
				COPY_PHASE_STRIP = NO;
				DEBUG_INFORMATION_FORMAT = "dwarf-with-dsym";
				ENABLE_NS_ASSERTIONS = NO;
				ENABLE_STRICT_OBJC_MSGSEND = YES;
				ENABLE_USER_SCRIPT_SANDBOXING = YES;
				GCC_C_LANGUAGE_STANDARD = gnu17;
				GCC_NO_COMMON_BLOCKS = YES;
				GCC_WARN_64_TO_32_BIT_CONVERSION = YES;
				GCC_WARN_ABOUT_RETURN_TYPE = YES_ERROR;
				GCC_WARN_UNDECLARED_SELECTOR = YES;
				GCC_WARN_UNINITIALIZED_AUTOS = YES_AGGRESSIVE;
				GCC_WARN_UNUSED_FUNCTION = YES;
				GCC_WARN_UNUSED_VARIABLE = YES;
				IPHONEOS_DEPLOYMENT_TARGET = 18.1;
				LOCALIZATION_PREFERS_STRING_CATALOGS = YES;
				MTL_ENABLE_DEBUG_INFO = NO;
				MTL_FAST_MATH = YES;
				SDKROOT = iphoneos;
				SWIFT_COMPILATION_MODE = wholemodule;
				VALIDATE_PRODUCT = YES;
			};
			name = Release;
		};
		391CB8F42D67D99A0027A1BD /* Debug */ = {
			isa = XCBuildConfiguration;
			buildSettings = {
				ASSETCATALOG_COMPILER_APPICON_NAME = AppIcon;
				ASSETCATALOG_COMPILER_GLOBAL_ACCENT_COLOR_NAME = AccentColor;
				CODE_SIGN_STYLE = Automatic;
				CURRENT_PROJECT_VERSION = 1;
				DEVELOPMENT_ASSET_PATHS = "\"PhotoBoy/Preview Content\"";
				ENABLE_PREVIEWS = YES;
				GENERATE_INFOPLIST_FILE = YES;
				INFOPLIST_KEY_UIApplicationSceneManifest_Generation = YES;
				INFOPLIST_KEY_UIApplicationSupportsIndirectInputEvents = YES;
				INFOPLIST_KEY_UILaunchScreen_Generation = YES;
				INFOPLIST_KEY_UISupportedInterfaceOrientations_iPad = "UIInterfaceOrientationPortrait UIInterfaceOrientationPortraitUpsideDown UIInterfaceOrientationLandscapeLeft UIInterfaceOrientationLandscapeRight";
				INFOPLIST_KEY_UISupportedInterfaceOrientations_iPhone = "UIInterfaceOrientationPortrait UIInterfaceOrientationLandscapeLeft UIInterfaceOrientationLandscapeRight";
				LD_RUNPATH_SEARCH_PATHS = (
					"$(inherited)",
					"@executable_path/Frameworks",
				);
				MARKETING_VERSION = 1.0;
				PRODUCT_BUNDLE_IDENTIFIER = com.brandonaubrey.PhotoBoy;
				PRODUCT_NAME = "$(TARGET_NAME)";
				SWIFT_EMIT_LOC_STRINGS = YES;
				SWIFT_VERSION = 5.0;
				TARGETED_DEVICE_FAMILY = "1,2";
			};
			name = Debug;
		};
		391CB8F52D67D99A0027A1BD /* Release */ = {
			isa = XCBuildConfiguration;
			buildSettings = {
				ASSETCATALOG_COMPILER_APPICON_NAME = AppIcon;
				ASSETCATALOG_COMPILER_GLOBAL_ACCENT_COLOR_NAME = AccentColor;
				CODE_SIGN_STYLE = Automatic;
				CURRENT_PROJECT_VERSION = 1;
				DEVELOPMENT_ASSET_PATHS = "\"PhotoBoy/Preview Content\"";
				ENABLE_PREVIEWS = YES;
				GENERATE_INFOPLIST_FILE = YES;
				INFOPLIST_KEY_UIApplicationSceneManifest_Generation = YES;
				INFOPLIST_KEY_UIApplicationSupportsIndirectInputEvents = YES;
				INFOPLIST_KEY_UILaunchScreen_Generation = YES;
				INFOPLIST_KEY_UISupportedInterfaceOrientations_iPad = "UIInterfaceOrientationPortrait UIInterfaceOrientationPortraitUpsideDown UIInterfaceOrientationLandscapeLeft UIInterfaceOrientationLandscapeRight";
				INFOPLIST_KEY_UISupportedInterfaceOrientations_iPhone = "UIInterfaceOrientationPortrait UIInterfaceOrientationLandscapeLeft UIInterfaceOrientationLandscapeRight";
				LD_RUNPATH_SEARCH_PATHS = (
					"$(inherited)",
					"@executable_path/Frameworks",
				);
				MARKETING_VERSION = 1.0;
				PRODUCT_BUNDLE_IDENTIFIER = com.brandonaubrey.PhotoBoy;
				PRODUCT_NAME = "$(TARGET_NAME)";
				SWIFT_EMIT_LOC_STRINGS = YES;
				SWIFT_VERSION = 5.0;
				TARGETED_DEVICE_FAMILY = "1,2";
			};
			name = Release;
		};
		391CB8F72D67D99A0027A1BD /* Debug */ = {
			isa = XCBuildConfiguration;
			buildSettings = {
				BUNDLE_LOADER = "$(TEST_HOST)";
				CODE_SIGN_STYLE = Automatic;
				CURRENT_PROJECT_VERSION = 1;
				GENERATE_INFOPLIST_FILE = YES;
				IPHONEOS_DEPLOYMENT_TARGET = 18.1;
				MARKETING_VERSION = 1.0;
				PRODUCT_BUNDLE_IDENTIFIER = com.brandonaubrey.PhotoBoyTests;
				PRODUCT_NAME = "$(TARGET_NAME)";
				SWIFT_EMIT_LOC_STRINGS = NO;
				SWIFT_VERSION = 5.0;
				TARGETED_DEVICE_FAMILY = "1,2";
				TEST_HOST = "$(BUILT_PRODUCTS_DIR)/PhotoBoy.app/$(BUNDLE_EXECUTABLE_FOLDER_PATH)/PhotoBoy";
			};
			name = Debug;
		};
		391CB8F82D67D99A0027A1BD /* Release */ = {
			isa = XCBuildConfiguration;
			buildSettings = {
				BUNDLE_LOADER = "$(TEST_HOST)";
				CODE_SIGN_STYLE = Automatic;
				CURRENT_PROJECT_VERSION = 1;
				GENERATE_INFOPLIST_FILE = YES;
				IPHONEOS_DEPLOYMENT_TARGET = 18.1;
				MARKETING_VERSION = 1.0;
				PRODUCT_BUNDLE_IDENTIFIER = com.brandonaubrey.PhotoBoyTests;
				PRODUCT_NAME = "$(TARGET_NAME)";
				SWIFT_EMIT_LOC_STRINGS = NO;
				SWIFT_VERSION = 5.0;
				TARGETED_DEVICE_FAMILY = "1,2";
				TEST_HOST = "$(BUILT_PRODUCTS_DIR)/PhotoBoy.app/$(BUNDLE_EXECUTABLE_FOLDER_PATH)/PhotoBoy";
			};
			name = Release;
		};
		391CB8FA2D67D99A0027A1BD /* Debug */ = {
			isa = XCBuildConfiguration;
			buildSettings = {
				CODE_SIGN_STYLE = Automatic;
				CURRENT_PROJECT_VERSION = 1;
				GENERATE_INFOPLIST_FILE = YES;
				MARKETING_VERSION = 1.0;
				PRODUCT_BUNDLE_IDENTIFIER = com.brandonaubrey.PhotoBoyUITests;
				PRODUCT_NAME = "$(TARGET_NAME)";
				SWIFT_EMIT_LOC_STRINGS = NO;
				SWIFT_VERSION = 5.0;
				TARGETED_DEVICE_FAMILY = "1,2";
				TEST_TARGET_NAME = PhotoBoy;
			};
			name = Debug;
		};
		391CB8FB2D67D99A0027A1BD /* Release */ = {
			isa = XCBuildConfiguration;
			buildSettings = {
				CODE_SIGN_STYLE = Automatic;
				CURRENT_PROJECT_VERSION = 1;
				GENERATE_INFOPLIST_FILE = YES;
				MARKETING_VERSION = 1.0;
				PRODUCT_BUNDLE_IDENTIFIER = com.brandonaubrey.PhotoBoyUITests;
				PRODUCT_NAME = "$(TARGET_NAME)";
				SWIFT_EMIT_LOC_STRINGS = NO;
				SWIFT_VERSION = 5.0;
				TARGETED_DEVICE_FAMILY = "1,2";
				TEST_TARGET_NAME = PhotoBoy;
			};
			name = Release;
		};
/* End XCBuildConfiguration section */

/* Begin XCConfigurationList section */
		391CB8CA2D67D9990027A1BD /* Build configuration list for PBXProject "PhotoBoy" */ = {
			isa = XCConfigurationList;
			buildConfigurations = (
				391CB8F12D67D99A0027A1BD /* Debug */,
				391CB8F22D67D99A0027A1BD /* Release */,
			);
			defaultConfigurationIsVisible = 0;
			defaultConfigurationName = Release;
		};
		391CB8F32D67D99A0027A1BD /* Build configuration list for PBXNativeTarget "PhotoBoy" */ = {
			isa = XCConfigurationList;
			buildConfigurations = (
				391CB8F42D67D99A0027A1BD /* Debug */,
				391CB8F52D67D99A0027A1BD /* Release */,
			);
			defaultConfigurationIsVisible = 0;
			defaultConfigurationName = Release;
		};
		391CB8F62D67D99A0027A1BD /* Build configuration list for PBXNativeTarget "PhotoBoyTests" */ = {
			isa = XCConfigurationList;
			buildConfigurations = (
				391CB8F72D67D99A0027A1BD /* Debug */,
				391CB8F82D67D99A0027A1BD /* Release */,
			);
			defaultConfigurationIsVisible = 0;
			defaultConfigurationName = Release;
		};
		391CB8F92D67D99A0027A1BD /* Build configuration list for PBXNativeTarget "PhotoBoyUITests" */ = {
			isa = XCConfigurationList;
			buildConfigurations = (
				391CB8FA2D67D99A0027A1BD /* Debug */,
				391CB8FB2D67D99A0027A1BD /* Release */,
			);
			defaultConfigurationIsVisible = 0;
			defaultConfigurationName = Release;
		};
/* End XCConfigurationList section */
	};
	rootObject = 391CB8C72D67D9990027A1BD /* Project object */;
}
